
Microsoft Visual Studio Solution File, Format Version 12.00
# Visual Studio Version 16
VisualStudioVersion = 16.0.29728.190
MinimumVisualStudioVersion = 10.0.40219.1
Project("{FAE04EC0-301F-11D3-BF4B-00C04F79EFBC}") = "AndrewBabbitt97", "AndrewBabbitt97\AndrewBabbitt97.csproj", "{08FD77A5-0CFC-445C-98F9-72FEEE0EAF95}"
EndProject
Global
	GlobalSection(SolutionConfigurationPlatforms) = preSolution
		Debug|Any CPU = Debug|Any CPU
		Release|Any CPU = Release|Any CPU
	EndGlobalSection
	GlobalSection(ProjectConfigurationPlatforms) = postSolution
		{08FD77A5-0CFC-445C-98F9-72FEEE0EAF95}.Debug|Any CPU.ActiveCfg = Debug|Any CPU
		{08FD77A5-0CFC-445C-98F9-72FEEE0EAF95}.Debug|Any CPU.Build.0 = Debug|Any CPU
		{08FD77A5-0CFC-445C-98F9-72FEEE0EAF95}.Release|Any CPU.ActiveCfg = Release|Any CPU
		{08FD77A5-0CFC-445C-98F9-72FEEE0EAF95}.Release|Any CPU.Build.0 = Release|Any CPU
	EndGlobalSection
	GlobalSection(SolutionProperties) = preSolution
		HideSolutionNode = FALSE
	EndGlobalSection
	GlobalSection(ExtensibilityGlobals) = postSolution
		SolutionGuid = {EB99A768-29D3-49E1-81FF-8756D53FD92F}
	EndGlobalSection
EndGlobal
